{
  "name": "crypto-3DES",
  "version": "1.0.0",
  "lockfileVersion": 1,
  "requires": true,
  "dependencies": {
    "basic-ftp": {
      "version": "4.6.2",
      "resolved": "https://registry.npmjs.org/basic-ftp/-/basic-ftp-4.6.2.tgz",
      "integrity": "sha512-UO1L54c/ThZkW9ygaN3NJ4igA6BLoATUpaYARrmH4EXV86WNsk1BS2plFeePx3/vMaoLf1cLWI67uuMayZagDw=="
    }
  }
}
